// !$*UTF8*$!
{
	archiveVersion = 1;
	classes = {
	};
	objectVersion = 56;
	objects = {

/* Begin PBXBuildFile section */
		8DA2A13F2EE847C30009FC5F /* AdapterDiagnosticView.swift in Sources */ = {isa = PBXBuildFile; fileRef = 8DA2A13E2EE847C30009FC5F /* AdapterDiagnosticView.swift */; };
		A1000001001 /* RX8DiagApp.swift in Sources */ = {isa = PBXBuildFile; fileRef = A1000001000 /* RX8DiagApp.swift */; };
		A1000002001 /* DiagnosticView.swift in Sources */ = {isa = PBXBuildFile; fileRef = A1000002000 /* DiagnosticView.swift */; };
		A1000003001 /* DTCView.swift in Sources */ = {isa = PBXBuildFile; fileRef = A1000003000 /* DTCView.swift */; };
		A1000004001 /* FuelConsumptionView.swift in Sources */ = {isa = PBXBuildFile; fileRef = A1000004000 /* FuelConsumptionView.swift */; };
		A1000005001 /* SettingsView.swift in Sources */ = {isa = PBXBuildFile; fileRef = A1000005000 /* SettingsView.swift */; };
		A1000006001 /* CarPlaySceneDelegate.swift in Sources */ = {isa = PBXBuildFile; fileRef = A1000006000 /* CarPlaySceneDelegate.swift */; };
		A1000007001 /* GaugeViews.swift in Sources */ = {isa = PBXBuildFile; fileRef = A1000007000 /* GaugeViews.swift */; };
		A1000008001 /* ProceduresView.swift in Sources */ = {isa = PBXBuildFile; fileRef = A1000008000 /* ProceduresView.swift */; };
		A1000009001 /* BlackBoxView.swift in Sources */ = {isa = PBXBuildFile; fileRef = A1000009000 /* BlackBoxView.swift */; };
		A1000010001 /* RX8OBD.swift in Sources */ = {isa = PBXBuildFile; fileRef = A1000010000 /* RX8OBD.swift */; };
		A1000011001 /* OBDConnection.swift in Sources */ = {isa = PBXBuildFile; fileRef = A1000011000 /* OBDConnection.swift */; };
		A1000012001 /* RX8PIDs.swift in Sources */ = {isa = PBXBuildFile; fileRef = A1000012000 /* RX8PIDs.swift */; };
		A1000013001 /* RX8DTCCodes.swift in Sources */ = {isa = PBXBuildFile; fileRef = A1000013000 /* RX8DTCCodes.swift */; };
		A1000014001 /* DiagnosticMode.swift in Sources */ = {isa = PBXBuildFile; fileRef = A1000014000 /* DiagnosticMode.swift */; };
		A1000015001 /* RotaryEngine.swift in Sources */ = {isa = PBXBuildFile; fileRef = A1000015000 /* RotaryEngine.swift */; };
		A1000016001 /* VehicleInfo.swift in Sources */ = {isa = PBXBuildFile; fileRef = A1000016000 /* VehicleInfo.swift */; };
		A1000017001 /* FuelConsumption.swift in Sources */ = {isa = PBXBuildFile; fileRef = A1000017000 /* FuelConsumption.swift */; };
		A1000018001 /* SensorSpecifications.swift in Sources */ = {isa = PBXBuildFile; fileRef = A1000018000 /* SensorSpecifications.swift */; };
		A1000019001 /* WorkshopProcedures.swift in Sources */ = {isa = PBXBuildFile; fileRef = A1000019000 /* WorkshopProcedures.swift */; };
		A100001A001 /* BlackBoxRecorder.swift in Sources */ = {isa = PBXBuildFile; fileRef = A100001A000 /* BlackBoxRecorder.swift */; };
		A100001B001 /* AIAnalysisService.swift in Sources */ = {isa = PBXBuildFile; fileRef = A100001B000 /* AIAnalysisService.swift */; };
		A100001C001 /* SceneDelegate.swift in Sources */ = {isa = PBXBuildFile; fileRef = A100001C000 /* SceneDelegate.swift */; };
		A1000020001 /* Assets.xcassets in Resources */ = {isa = PBXBuildFile; fileRef = A1000020000 /* Assets.xcassets */; };
		A1000021001 /* Preview Assets.xcassets in Resources */ = {isa = PBXBuildFile; fileRef = A1000021000 /* Preview Assets.xcassets */; };
		A1000030001 /* CarPlay.framework in Frameworks */ = {isa = PBXBuildFile; fileRef = A1000030000 /* CarPlay.framework */; };
		A1000031001 /* CoreBluetooth.framework in Frameworks */ = {isa = PBXBuildFile; fileRef = A1000031000 /* CoreBluetooth.framework */; };
/* End PBXBuildFile section */

/* Begin PBXFileReference section */
		8DA2A13E2EE847C30009FC5F /* AdapterDiagnosticView.swift */ = {isa = PBXFileReference; lastKnownFileType = sourcecode.swift; path = AdapterDiagnosticView.swift; sourceTree = "<group>"; };
		A1000001000 /* RX8DiagApp.swift */ = {isa = PBXFileReference; lastKnownFileType = sourcecode.swift; path = RX8DiagApp.swift; sourceTree = "<group>"; };
		A1000002000 /* DiagnosticView.swift */ = {isa = PBXFileReference; lastKnownFileType = sourcecode.swift; path = DiagnosticView.swift; sourceTree = "<group>"; };
		A1000003000 /* DTCView.swift */ = {isa = PBXFileReference; lastKnownFileType = sourcecode.swift; path = DTCView.swift; sourceTree = "<group>"; };
		A1000004000 /* FuelConsumptionView.swift */ = {isa = PBXFileReference; lastKnownFileType = sourcecode.swift; path = FuelConsumptionView.swift; sourceTree = "<group>"; };
		A1000005000 /* SettingsView.swift */ = {isa = PBXFileReference; lastKnownFileType = sourcecode.swift; path = SettingsView.swift; sourceTree = "<group>"; };
		A1000006000 /* CarPlaySceneDelegate.swift */ = {isa = PBXFileReference; lastKnownFileType = sourcecode.swift; path = CarPlaySceneDelegate.swift; sourceTree = "<group>"; };
		A1000007000 /* GaugeViews.swift */ = {isa = PBXFileReference; lastKnownFileType = sourcecode.swift; path = GaugeViews.swift; sourceTree = "<group>"; };
		A1000008000 /* ProceduresView.swift */ = {isa = PBXFileReference; lastKnownFileType = sourcecode.swift; path = ProceduresView.swift; sourceTree = "<group>"; };
		A1000009000 /* BlackBoxView.swift */ = {isa = PBXFileReference; lastKnownFileType = sourcecode.swift; path = BlackBoxView.swift; sourceTree = "<group>"; };
		A1000010000 /* RX8OBD.swift */ = {isa = PBXFileReference; lastKnownFileType = sourcecode.swift; path = RX8OBD.swift; sourceTree = "<group>"; };
		A1000011000 /* OBDConnection.swift */ = {isa = PBXFileReference; lastKnownFileType = sourcecode.swift; path = OBDConnection.swift; sourceTree = "<group>"; };
		A1000012000 /* RX8PIDs.swift */ = {isa = PBXFileReference; lastKnownFileType = sourcecode.swift; path = RX8PIDs.swift; sourceTree = "<group>"; };
		A1000013000 /* RX8DTCCodes.swift */ = {isa = PBXFileReference; lastKnownFileType = sourcecode.swift; path = RX8DTCCodes.swift; sourceTree = "<group>"; };
		A1000014000 /* DiagnosticMode.swift */ = {isa = PBXFileReference; lastKnownFileType = sourcecode.swift; path = DiagnosticMode.swift; sourceTree = "<group>"; };
		A1000015000 /* RotaryEngine.swift */ = {isa = PBXFileReference; lastKnownFileType = sourcecode.swift; path = RotaryEngine.swift; sourceTree = "<group>"; };
		A1000016000 /* VehicleInfo.swift */ = {isa = PBXFileReference; lastKnownFileType = sourcecode.swift; path = VehicleInfo.swift; sourceTree = "<group>"; };
		A1000017000 /* FuelConsumption.swift */ = {isa = PBXFileReference; lastKnownFileType = sourcecode.swift; path = FuelConsumption.swift; sourceTree = "<group>"; };
		A1000018000 /* SensorSpecifications.swift */ = {isa = PBXFileReference; lastKnownFileType = sourcecode.swift; path = SensorSpecifications.swift; sourceTree = "<group>"; };
		A1000019000 /* WorkshopProcedures.swift */ = {isa = PBXFileReference; lastKnownFileType = sourcecode.swift; path = WorkshopProcedures.swift; sourceTree = "<group>"; };
		A100001A000 /* BlackBoxRecorder.swift */ = {isa = PBXFileReference; lastKnownFileType = sourcecode.swift; path = BlackBoxRecorder.swift; sourceTree = "<group>"; };
		A100001B000 /* AIAnalysisService.swift */ = {isa = PBXFileReference; lastKnownFileType = sourcecode.swift; path = AIAnalysisService.swift; sourceTree = "<group>"; };
		A100001C000 /* SceneDelegate.swift */ = {isa = PBXFileReference; lastKnownFileType = sourcecode.swift; path = SceneDelegate.swift; sourceTree = "<group>"; };
		A1000020000 /* Assets.xcassets */ = {isa = PBXFileReference; lastKnownFileType = folder.assetcatalog; path = Assets.xcassets; sourceTree = "<group>"; };
		A1000021000 /* Preview Assets.xcassets */ = {isa = PBXFileReference; lastKnownFileType = folder.assetcatalog; path = "Preview Assets.xcassets"; sourceTree = "<group>"; };
		A1000022000 /* Info.plist */ = {isa = PBXFileReference; lastKnownFileType = text.plist.xml; path = Info.plist; sourceTree = "<group>"; };
		A1000023000 /* RX8DiagTool.entitlements */ = {isa = PBXFileReference; lastKnownFileType = text.plist.entitlements; path = RX8DiagTool.entitlements; sourceTree = "<group>"; };
		A1000030000 /* CarPlay.framework */ = {isa = PBXFileReference; lastKnownFileType = wrapper.framework; name = CarPlay.framework; path = System/Library/Frameworks/CarPlay.framework; sourceTree = SDKROOT; };
		A1000031000 /* CoreBluetooth.framework */ = {isa = PBXFileReference; lastKnownFileType = wrapper.framework; name = CoreBluetooth.framework; path = System/Library/Frameworks/CoreBluetooth.framework; sourceTree = SDKROOT; };
		A1000040000 /* RX8DiagTool.app */ = {isa = PBXFileReference; explicitFileType = wrapper.application; includeInIndex = 0; path = RX8DiagTool.app; sourceTree = BUILT_PRODUCTS_DIR; };
/* End PBXFileReference section */

/* Begin PBXFrameworksBuildPhase section */
		A1000050000 /* Frameworks */ = {
			isa = PBXFrameworksBuildPhase;
			buildActionMask = 2147483647;
			files = (
				A1000030001 /* CarPlay.framework in Frameworks */,
				A1000031001 /* CoreBluetooth.framework in Frameworks */,
			);
			runOnlyForDeploymentPostprocessing = 0;
		};
/* End PBXFrameworksBuildPhase section */

/* Begin PBXGroup section */
		A1000060000 = {
			isa = PBXGroup;
			children = (
				A1000061000 /* RX8DiagTool */,
				A1000062000 /* Sources */,
				A1000063000 /* Frameworks */,
				A1000064000 /* Products */,
			);
			sourceTree = "<group>";
		};
		A1000061000 /* RX8DiagTool */ = {
			isa = PBXGroup;
			children = (
				A1000001000 /* RX8DiagApp.swift */,
				A100001C000 /* SceneDelegate.swift */,
				A1000065000 /* Views */,
				A1000066000 /* CarPlay */,
				A1000020000 /* Assets.xcassets */,
				A1000022000 /* Info.plist */,
				A1000023000 /* RX8DiagTool.entitlements */,
				A1000067000 /* Preview Content */,
			);
			path = RX8DiagTool;
			sourceTree = "<group>";
		};
		A1000062000 /* Sources */ = {
			isa = PBXGroup;
			children = (
				A1000068000 /* RX8OBD */,
			);
			path = Sources;
			sourceTree = "<group>";
		};
		A1000063000 /* Frameworks */ = {
			isa = PBXGroup;
			children = (
				A1000030000 /* CarPlay.framework */,
				A1000031000 /* CoreBluetooth.framework */,
			);
			name = Frameworks;
			sourceTree = "<group>";
		};
		A1000064000 /* Products */ = {
			isa = PBXGroup;
			children = (
				A1000040000 /* RX8DiagTool.app */,
			);
			name = Products;
			sourceTree = "<group>";
		};
		A1000065000 /* Views */ = {
			isa = PBXGroup;
			children = (
				8DA2A13E2EE847C30009FC5F /* AdapterDiagnosticView.swift */,
				A1000002000 /* DiagnosticView.swift */,
				A1000003000 /* DTCView.swift */,
				A1000004000 /* FuelConsumptionView.swift */,
				A1000005000 /* SettingsView.swift */,
				A1000008000 /* ProceduresView.swift */,
				A1000009000 /* BlackBoxView.swift */,
			);
			path = Views;
			sourceTree = "<group>";
		};
		A1000066000 /* CarPlay */ = {
			isa = PBXGroup;
			children = (
				A1000006000 /* CarPlaySceneDelegate.swift */,
				A1000007000 /* GaugeViews.swift */,
			);
			path = CarPlay;
			sourceTree = "<group>";
		};
		A1000067000 /* Preview Content */ = {
			isa = PBXGroup;
			children = (
				A1000021000 /* Preview Assets.xcassets */,
			);
			path = "Preview Content";
			sourceTree = "<group>";
		};
		A1000068000 /* RX8OBD */ = {
			isa = PBXGroup;
			children = (
				A1000010000 /* RX8OBD.swift */,
				A1000069000 /* Connection */,
				A1000070000 /* PIDs */,
				A1000071000 /* DTCs */,
				A1000072000 /* Diagnostics */,
				A1000073000 /* Models */,
				A1000074000 /* Specifications */,
				A1000075000 /* Procedures */,
				A1000076000 /* Recording */,
				A1000077000 /* AI */,
			);
			path = RX8OBD;
			sourceTree = "<group>";
		};
		A1000069000 /* Connection */ = {
			isa = PBXGroup;
			children = (
				A1000011000 /* OBDConnection.swift */,
			);
			path = Connection;
			sourceTree = "<group>";
		};
		A1000070000 /* PIDs */ = {
			isa = PBXGroup;
			children = (
				A1000012000 /* RX8PIDs.swift */,
			);
			path = PIDs;
			sourceTree = "<group>";
		};
		A1000071000 /* DTCs */ = {
			isa = PBXGroup;
			children = (
				A1000013000 /* RX8DTCCodes.swift */,
			);
			path = DTCs;
			sourceTree = "<group>";
		};
		A1000072000 /* Diagnostics */ = {
			isa = PBXGroup;
			children = (
				A1000014000 /* DiagnosticMode.swift */,
			);
			path = Diagnostics;
			sourceTree = "<group>";
		};
		A1000073000 /* Models */ = {
			isa = PBXGroup;
			children = (
				A1000015000 /* RotaryEngine.swift */,
				A1000016000 /* VehicleInfo.swift */,
				A1000017000 /* FuelConsumption.swift */,
			);
			path = Models;
			sourceTree = "<group>";
		};
		A1000074000 /* Specifications */ = {
			isa = PBXGroup;
			children = (
				A1000018000 /* SensorSpecifications.swift */,
			);
			path = Specifications;
			sourceTree = "<group>";
		};
		A1000075000 /* Procedures */ = {
			isa = PBXGroup;
			children = (
				A1000019000 /* WorkshopProcedures.swift */,
			);
			path = Procedures;
			sourceTree = "<group>";
		};
		A1000076000 /* Recording */ = {
			isa = PBXGroup;
			children = (
				A100001A000 /* BlackBoxRecorder.swift */,
			);
			path = Recording;
			sourceTree = "<group>";
		};
		A1000077000 /* AI */ = {
			isa = PBXGroup;
			children = (
				A100001B000 /* AIAnalysisService.swift */,
			);
			path = AI;
			sourceTree = "<group>";
		};
/* End PBXGroup section */

/* Begin PBXNativeTarget section */
		A1000080000 /* RX8DiagTool */ = {
			isa = PBXNativeTarget;
			buildConfigurationList = A1000081000 /* Build configuration list for PBXNativeTarget "RX8DiagTool" */;
			buildPhases = (
				A1000082000 /* Sources */,
				A1000050000 /* Frameworks */,
				A1000083000 /* Resources */,
			);
			buildRules = (
			);
			dependencies = (
			);
			name = RX8DiagTool;
			productName = RX8DiagTool;
			productReference = A1000040000 /* RX8DiagTool.app */;
			productType = "com.apple.product-type.application";
		};
/* End PBXNativeTarget section */

/* Begin PBXProject section */
		A1000090000 /* Project object */ = {
			isa = PBXProject;
			attributes = {
				BuildIndependentTargetsInParallel = 1;
				LastSwiftUpdateCheck = 1500;
				LastUpgradeCheck = 1640;
				TargetAttributes = {
					A1000080000 = {
						CreatedOnToolsVersion = 15.0;
					};
				};
			};
			buildConfigurationList = A1000091000 /* Build configuration list for PBXProject "RX8DiagTool" */;
			compatibilityVersion = "Xcode 14.0";
			developmentRegion = en;
			hasScannedForEncodings = 0;
			knownRegions = (
				en,
				Base,
				es,
			);
			mainGroup = A1000060000;
			productRefGroup = A1000064000 /* Products */;
			projectDirPath = "";
			projectRoot = "";
			targets = (
				A1000080000 /* RX8DiagTool */,
			);
		};
/* End PBXProject section */

/* Begin PBXResourcesBuildPhase section */
		A1000083000 /* Resources */ = {
			isa = PBXResourcesBuildPhase;
			buildActionMask = 2147483647;
			files = (
				A1000020001 /* Assets.xcassets in Resources */,
				A1000021001 /* Preview Assets.xcassets in Resources */,
			);
			runOnlyForDeploymentPostprocessing = 0;
		};
/* End PBXResourcesBuildPhase section */

/* Begin PBXSourcesBuildPhase section */
		A1000082000 /* Sources */ = {
			isa = PBXSourcesBuildPhase;
			buildActionMask = 2147483647;
			files = (
				A1000001001 /* RX8DiagApp.swift in Sources */,
				A1000002001 /* DiagnosticView.swift in Sources */,
				A1000003001 /* DTCView.swift in Sources */,
				A1000004001 /* FuelConsumptionView.swift in Sources */,
				A1000005001 /* SettingsView.swift in Sources */,
				A1000006001 /* CarPlaySceneDelegate.swift in Sources */,
				8DA2A13F2EE847C30009FC5F /* AdapterDiagnosticView.swift in Sources */,
				A1000007001 /* GaugeViews.swift in Sources */,
				A1000008001 /* ProceduresView.swift in Sources */,
				A1000009001 /* BlackBoxView.swift in Sources */,
				A1000010001 /* RX8OBD.swift in Sources */,
				A1000011001 /* OBDConnection.swift in Sources */,
				A1000012001 /* RX8PIDs.swift in Sources */,
				A1000013001 /* RX8DTCCodes.swift in Sources */,
				A1000014001 /* DiagnosticMode.swift in Sources */,
				A1000015001 /* RotaryEngine.swift in Sources */,
				A1000016001 /* VehicleInfo.swift in Sources */,
				A1000017001 /* FuelConsumption.swift in Sources */,
				A1000018001 /* SensorSpecifications.swift in Sources */,
				A1000019001 /* WorkshopProcedures.swift in Sources */,
				A100001A001 /* BlackBoxRecorder.swift in Sources */,
				A100001B001 /* AIAnalysisService.swift in Sources */,
				A100001C001 /* SceneDelegate.swift in Sources */,
			);
			runOnlyForDeploymentPostprocessing = 0;
		};
/* End PBXSourcesBuildPhase section */

/* Begin XCBuildConfiguration section */
		A1000100000 /* Debug */ = {
			isa = XCBuildConfiguration;
			buildSettings = {
				ALWAYS_SEARCH_USER_PATHS = NO;
				ASSETCATALOG_COMPILER_GENERATE_SWIFT_ASSET_SYMBOL_EXTENSIONS = YES;
				CLANG_ANALYZER_LOCALIZABILITY_NONLOCALIZED = YES;
				CLANG_ANALYZER_NONNULL = YES;
				CLANG_ANALYZER_NUMBER_OBJECT_CONVERSION = YES_AGGRESSIVE;
				CLANG_CXX_LANGUAGE_STANDARD = "gnu++20";
				CLANG_ENABLE_MODULES = YES;
				CLANG_ENABLE_OBJC_ARC = YES;
				CLANG_ENABLE_OBJC_WEAK = YES;
				CLANG_WARN_BLOCK_CAPTURE_AUTORELEASING = YES;
				CLANG_WARN_BOOL_CONVERSION = YES;
				CLANG_WARN_COMMA = YES;
				CLANG_WARN_CONSTANT_CONVERSION = YES;
				CLANG_WARN_DEPRECATED_OBJC_IMPLEMENTATIONS = YES;
				CLANG_WARN_DIRECT_OBJC_ISA_USAGE = YES_ERROR;
				CLANG_WARN_DOCUMENTATION_COMMENTS = YES;
				CLANG_WARN_EMPTY_BODY = YES;
				CLANG_WARN_ENUM_CONVERSION = YES;
				CLANG_WARN_INFINITE_RECURSION = YES;
				CLANG_WARN_INT_CONVERSION = YES;
				CLANG_WARN_NON_LITERAL_NULL_CONVERSION = YES;
				CLANG_WARN_OBJC_IMPLICIT_RETAIN_SELF = YES;
				CLANG_WARN_OBJC_LITERAL_CONVERSION = YES;
				CLANG_WARN_OBJC_ROOT_CLASS = YES_ERROR;
				CLANG_WARN_QUOTED_INCLUDE_IN_FRAMEWORK_HEADER = YES;
				CLANG_WARN_RANGE_LOOP_ANALYSIS = YES;
				CLANG_WARN_STRICT_PROTOTYPES = YES;
				CLANG_WARN_SUSPICIOUS_MOVE = YES;
				CLANG_WARN_UNGUARDED_AVAILABILITY = YES_AGGRESSIVE;
				CLANG_WARN_UNREACHABLE_CODE = YES;
				CLANG_WARN__DUPLICATE_METHOD_MATCH = YES;
				COPY_PHASE_STRIP = NO;
				DEBUG_INFORMATION_FORMAT = dwarf;
				ENABLE_STRICT_OBJC_MSGSEND = YES;
				ENABLE_TESTABILITY = YES;
				ENABLE_USER_SCRIPT_SANDBOXING = YES;
				GCC_C_LANGUAGE_STANDARD = gnu17;
				GCC_DYNAMIC_NO_PIC = NO;
				GCC_NO_COMMON_BLOCKS = YES;
				GCC_OPTIMIZATION_LEVEL = 0;
				GCC_PREPROCESSOR_DEFINITIONS = (
					"DEBUG=1",
					"$(inherited)",
				);
				GCC_WARN_64_TO_32_BIT_CONVERSION = YES;
				GCC_WARN_ABOUT_RETURN_TYPE = YES_ERROR;
				GCC_WARN_UNDECLARED_SELECTOR = YES;
				GCC_WARN_UNINITIALIZED_AUTOS = YES_AGGRESSIVE;
				GCC_WARN_UNUSED_FUNCTION = YES;
				GCC_WARN_UNUSED_VARIABLE = YES;
				IPHONEOS_DEPLOYMENT_TARGET = 16.0;
				LOCALIZATION_PREFERS_STRING_CATALOGS = YES;
				MTL_ENABLE_DEBUG_INFO = INCLUDE_SOURCE;
				MTL_FAST_MATH = YES;
				ONLY_ACTIVE_ARCH = YES;
				SDKROOT = iphoneos;
				SWIFT_ACTIVE_COMPILATION_CONDITIONS = "DEBUG $(inherited)";
				SWIFT_OPTIMIZATION_LEVEL = "-Onone";
			};
			name = Debug;
		};
		A1000100001 /* Release */ = {
			isa = XCBuildConfiguration;
			buildSettings = {
				ALWAYS_SEARCH_USER_PATHS = NO;
				ASSETCATALOG_COMPILER_GENERATE_SWIFT_ASSET_SYMBOL_EXTENSIONS = YES;
				CLANG_ANALYZER_LOCALIZABILITY_NONLOCALIZED = YES;
				CLANG_ANALYZER_NONNULL = YES;
				CLANG_ANALYZER_NUMBER_OBJECT_CONVERSION = YES_AGGRESSIVE;
				CLANG_CXX_LANGUAGE_STANDARD = "gnu++20";
				CLANG_ENABLE_MODULES = YES;
				CLANG_ENABLE_OBJC_ARC = YES;
				CLANG_ENABLE_OBJC_WEAK = YES;
				CLANG_WARN_BLOCK_CAPTURE_AUTORELEASING = YES;
				CLANG_WARN_BOOL_CONVERSION = YES;
				CLANG_WARN_COMMA = YES;
				CLANG_WARN_CONSTANT_CONVERSION = YES;
				CLANG_WARN_DEPRECATED_OBJC_IMPLEMENTATIONS = YES;
				CLANG_WARN_DIRECT_OBJC_ISA_USAGE = YES_ERROR;
				CLANG_WARN_DOCUMENTATION_COMMENTS = YES;
				CLANG_WARN_EMPTY_BODY = YES;
				CLANG_WARN_ENUM_CONVERSION = YES;
				CLANG_WARN_INFINITE_RECURSION = YES;
				CLANG_WARN_INT_CONVERSION = YES;
				CLANG_WARN_NON_LITERAL_NULL_CONVERSION = YES;
				CLANG_WARN_OBJC_IMPLICIT_RETAIN_SELF = YES;
				CLANG_WARN_OBJC_LITERAL_CONVERSION = YES;
				CLANG_WARN_OBJC_ROOT_CLASS = YES_ERROR;
				CLANG_WARN_QUOTED_INCLUDE_IN_FRAMEWORK_HEADER = YES;
				CLANG_WARN_RANGE_LOOP_ANALYSIS = YES;
				CLANG_WARN_STRICT_PROTOTYPES = YES;
				CLANG_WARN_SUSPICIOUS_MOVE = YES;
				CLANG_WARN_UNGUARDED_AVAILABILITY = YES_AGGRESSIVE;
				CLANG_WARN_UNREACHABLE_CODE = YES;
				CLANG_WARN__DUPLICATE_METHOD_MATCH = YES;
				COPY_PHASE_STRIP = NO;
				DEBUG_INFORMATION_FORMAT = "dwarf-with-dsym";
				ENABLE_NS_ASSERTIONS = NO;
				ENABLE_STRICT_OBJC_MSGSEND = YES;
				ENABLE_USER_SCRIPT_SANDBOXING = YES;
				GCC_C_LANGUAGE_STANDARD = gnu17;
				GCC_NO_COMMON_BLOCKS = YES;
				GCC_WARN_64_TO_32_BIT_CONVERSION = YES;
				GCC_WARN_ABOUT_RETURN_TYPE = YES_ERROR;
				GCC_WARN_UNDECLARED_SELECTOR = YES;
				GCC_WARN_UNINITIALIZED_AUTOS = YES_AGGRESSIVE;
				GCC_WARN_UNUSED_FUNCTION = YES;
				GCC_WARN_UNUSED_VARIABLE = YES;
				IPHONEOS_DEPLOYMENT_TARGET = 16.0;
				LOCALIZATION_PREFERS_STRING_CATALOGS = YES;
				MTL_ENABLE_DEBUG_INFO = NO;
				MTL_FAST_MATH = YES;
				SDKROOT = iphoneos;
				SWIFT_COMPILATION_MODE = wholemodule;
				VALIDATE_PRODUCT = YES;
			};
			name = Release;
		};
		A1000101000 /* Debug */ = {
			isa = XCBuildConfiguration;
			buildSettings = {
				ASSETCATALOG_COMPILER_APPICON_NAME = AppIcon;
				ASSETCATALOG_COMPILER_GLOBAL_ACCENT_COLOR_NAME = AccentColor;
				CODE_SIGN_ENTITLEMENTS = RX8DiagTool/RX8DiagTool.entitlements;
				CODE_SIGN_STYLE = Automatic;
				CURRENT_PROJECT_VERSION = 1;
				DEVELOPMENT_ASSET_PATHS = "\"RX8DiagTool/Preview Content\"";
				DEVELOPMENT_TEAM = 29YBGXXCW3;
				ENABLE_PREVIEWS = YES;
				GENERATE_INFOPLIST_FILE = NO;
				INFOPLIST_FILE = RX8DiagTool/Info.plist;
				INFOPLIST_KEY_CFBundleDisplayName = "RX-8 Diag";
				INFOPLIST_KEY_LSApplicationCategoryType = "public.app-category.utilities";
				INFOPLIST_KEY_UIApplicationSceneManifest_Generation = NO;
				INFOPLIST_KEY_UIApplicationSupportsIndirectInputEvents = YES;
				INFOPLIST_KEY_UILaunchScreen_Generation = YES;
				INFOPLIST_KEY_UISupportedInterfaceOrientations_iPad = "UIInterfaceOrientationPortrait UIInterfaceOrientationPortraitUpsideDown UIInterfaceOrientationLandscapeLeft UIInterfaceOrientationLandscapeRight";
				INFOPLIST_KEY_UISupportedInterfaceOrientations_iPhone = "UIInterfaceOrientationPortrait UIInterfaceOrientationLandscapeLeft UIInterfaceOrientationLandscapeRight";
				LD_RUNPATH_SEARCH_PATHS = (
					"$(inherited)",
					"@executable_path/Frameworks",
				);
				MARKETING_VERSION = 1.0;
				PRODUCT_BUNDLE_IDENTIFIER = com.rx8diag.tool;
				PRODUCT_NAME = "$(TARGET_NAME)";
				SUPPORTED_PLATFORMS = "iphoneos iphonesimulator";
				SUPPORTS_MACCATALYST = NO;
				SWIFT_EMIT_LOC_STRINGS = YES;
				SWIFT_VERSION = 5.0;
				TARGETED_DEVICE_FAMILY = "1,2";
			};
			name = Debug;
		};
		A1000101001 /* Release */ = {
			isa = XCBuildConfiguration;
			buildSettings = {
				ASSETCATALOG_COMPILER_APPICON_NAME = AppIcon;
				ASSETCATALOG_COMPILER_GLOBAL_ACCENT_COLOR_NAME = AccentColor;
				CODE_SIGN_ENTITLEMENTS = RX8DiagTool/RX8DiagTool.entitlements;
				CODE_SIGN_STYLE = Automatic;
				CURRENT_PROJECT_VERSION = 1;
				DEVELOPMENT_ASSET_PATHS = "\"RX8DiagTool/Preview Content\"";
				DEVELOPMENT_TEAM = 29YBGXXCW3;
				ENABLE_PREVIEWS = YES;
				GENERATE_INFOPLIST_FILE = NO;
				INFOPLIST_FILE = RX8DiagTool/Info.plist;
				INFOPLIST_KEY_CFBundleDisplayName = "RX-8 Diag";
				INFOPLIST_KEY_LSApplicationCategoryType = "public.app-category.utilities";
				INFOPLIST_KEY_UIApplicationSceneManifest_Generation = NO;
				INFOPLIST_KEY_UIApplicationSupportsIndirectInputEvents = YES;
				INFOPLIST_KEY_UILaunchScreen_Generation = YES;
				INFOPLIST_KEY_UISupportedInterfaceOrientations_iPad = "UIInterfaceOrientationPortrait UIInterfaceOrientationPortraitUpsideDown UIInterfaceOrientationLandscapeLeft UIInterfaceOrientationLandscapeRight";
				INFOPLIST_KEY_UISupportedInterfaceOrientations_iPhone = "UIInterfaceOrientationPortrait UIInterfaceOrientationLandscapeLeft UIInterfaceOrientationLandscapeRight";
				LD_RUNPATH_SEARCH_PATHS = (
					"$(inherited)",
					"@executable_path/Frameworks",
				);
				MARKETING_VERSION = 1.0;
				PRODUCT_BUNDLE_IDENTIFIER = com.rx8diag.tool;
				PRODUCT_NAME = "$(TARGET_NAME)";
				SUPPORTED_PLATFORMS = "iphoneos iphonesimulator";
				SUPPORTS_MACCATALYST = NO;
				SWIFT_EMIT_LOC_STRINGS = YES;
				SWIFT_VERSION = 5.0;
				TARGETED_DEVICE_FAMILY = "1,2";
			};
			name = Release;
		};
/* End XCBuildConfiguration section */

/* Begin XCConfigurationList section */
		A1000081000 /* Build configuration list for PBXNativeTarget "RX8DiagTool" */ = {
			isa = XCConfigurationList;
			buildConfigurations = (
				A1000101000 /* Debug */,
				A1000101001 /* Release */,
			);
			defaultConfigurationIsVisible = 0;
			defaultConfigurationName = Release;
		};
		A1000091000 /* Build configuration list for PBXProject "RX8DiagTool" */ = {
			isa = XCConfigurationList;
			buildConfigurations = (
				A1000100000 /* Debug */,
				A1000100001 /* Release */,
			);
			defaultConfigurationIsVisible = 0;
			defaultConfigurationName = Release;
		};
/* End XCConfigurationList section */
	};
	rootObject = A1000090000 /* Project object */;
}
